
Microsoft Visual Studio Solution File, Format Version 12.00
# Visual Studio 15
VisualStudioVersion = 15.0.27004.2002
MinimumVisualStudioVersion = 10.0.40219.1
Project("{FAE04EC0-301F-11D3-BF4B-00C04F79EFBC}") = "consigue_empelo", "WindowsFormsApp1\consigue_empelo.csproj", "{8590BBBA-6EA2-416C-9B44-787E2ED475A7}"
EndProject
Project("{FAE04EC0-301F-11D3-BF4B-00C04F79EFBC}") = "Entidad", "Entidad\Entidad.csproj", "{3957B446-0AA6-407C-A5AE-38C3EA16F08E}"
EndProject
Global
	GlobalSection(SolutionConfigurationPlatforms) = preSolution
		Debug|Any CPU = Debug|Any CPU
		Release|Any CPU = Release|Any CPU
	EndGlobalSection
	GlobalSection(ProjectConfigurationPlatforms) = postSolution
		{8590BBBA-6EA2-416C-9B44-787E2ED475A7}.Debug|Any CPU.ActiveCfg = Debug|Any CPU
		{8590BBBA-6EA2-416C-9B44-787E2ED475A7}.Debug|Any CPU.Build.0 = Debug|Any CPU
		{8590BBBA-6EA2-416C-9B44-787E2ED475A7}.Release|Any CPU.ActiveCfg = Release|Any CPU
		{8590BBBA-6EA2-416C-9B44-787E2ED475A7}.Release|Any CPU.Build.0 = Release|Any CPU
		{3957B446-0AA6-407C-A5AE-38C3EA16F08E}.Debug|Any CPU.ActiveCfg = Debug|Any CPU
		{3957B446-0AA6-407C-A5AE-38C3EA16F08E}.Debug|Any CPU.Build.0 = Debug|Any CPU
		{3957B446-0AA6-407C-A5AE-38C3EA16F08E}.Release|Any CPU.ActiveCfg = Release|Any CPU
		{3957B446-0AA6-407C-A5AE-38C3EA16F08E}.Release|Any CPU.Build.0 = Release|Any CPU
	EndGlobalSection
	GlobalSection(SolutionProperties) = preSolution
		HideSolutionNode = FALSE
	EndGlobalSection
	GlobalSection(ExtensibilityGlobals) = postSolution
		SolutionGuid = {F5EC82C6-81F8-4DCF-8B1A-D368ED122CCC}
	EndGlobalSection
EndGlobal
